
Microsoft Visual Studio Solution File, Format Version 12.00
# Visual Studio Version 16
VisualStudioVersion = 16.0.30907.101
MinimumVisualStudioVersion = 10.0.40219.1
Project("{FAE04EC0-301F-11D3-BF4B-00C04F79EFBC}") = "IntroACSharp", "IntroACSharp\IntroACSharp.csproj", "{AED37356-9725-4170-AED1-561D5B911471}"
EndProject
Global
	GlobalSection(SolutionConfigurationPlatforms) = preSolution
		Debug|Any CPU = Debug|Any CPU
		Release|Any CPU = Release|Any CPU
	EndGlobalSection
	GlobalSection(ProjectConfigurationPlatforms) = postSolution
		{AED37356-9725-4170-AED1-561D5B911471}.Debug|Any CPU.ActiveCfg = Debug|Any CPU
		{AED37356-9725-4170-AED1-561D5B911471}.Debug|Any CPU.Build.0 = Debug|Any CPU
		{AED37356-9725-4170-AED1-561D5B911471}.Release|Any CPU.ActiveCfg = Release|Any CPU
		{AED37356-9725-4170-AED1-561D5B911471}.Release|Any CPU.Build.0 = Release|Any CPU
	EndGlobalSection
	GlobalSection(SolutionProperties) = preSolution
		HideSolutionNode = FALSE
	EndGlobalSection
	GlobalSection(ExtensibilityGlobals) = postSolution
		SolutionGuid = {8815DFD3-1F94-41FF-B594-2158B3913A12}
	EndGlobalSection
EndGlobal
